{
  "originHash" : "2e29ab05594eb7ae47eb5d6aae9e1e343845e34194f5b79102e7e3d6004169b4",
  "pins" : [
    {
      "identity" : "networking",
      "kind" : "remoteSourceControl",
      "location" : "https://github.com/gungorbasa/Networking.git",
      "state" : {
        "revision" : "363b63f1a260b267bc43ee4f84dd0bf38cef0594",
        "version" : "0.2.7"
      }
    }
  ],
  "version" : 3
}
