// !$*UTF8*$!
{
	archiveVersion = 1;
	classes = {
	};
	objectVersion = 56;
	objects = {

/* Begin PBXBuildFile section */
		2392A8D42C5A8ECF000C0632 /* AppDelegate.swift in Sources */ = {isa = PBXBuildFile; fileRef = 2392A8D32C5A8ECF000C0632 /* AppDelegate.swift */; };
		2392A8D62C5A8ECF000C0632 /* SceneDelegate.swift in Sources */ = {isa = PBXBuildFile; fileRef = 2392A8D52C5A8ECF000C0632 /* SceneDelegate.swift */; };
		2392A8D82C5A8ECF000C0632 /* ViewController.swift in Sources */ = {isa = PBXBuildFile; fileRef = 2392A8D72C5A8ECF000C0632 /* ViewController.swift */; };
		2392A8DD2C5A8ED0000C0632 /* Assets.xcassets in Resources */ = {isa = PBXBuildFile; fileRef = 2392A8DC2C5A8ED0000C0632 /* Assets.xcassets */; };
		2392A8E02C5A8ED0000C0632 /* Base in Resources */ = {isa = PBXBuildFile; fileRef = 2392A8DF2C5A8ED0000C0632 /* Base */; };
		2392A8EB2C5A8ED0000C0632 /* Akakce_Case_StudyTests.swift in Sources */ = {isa = PBXBuildFile; fileRef = 2392A8EA2C5A8ED0000C0632 /* Akakce_Case_StudyTests.swift */; };
		2392A8F52C5A8ED0000C0632 /* Akakce_Case_StudyUITests.swift in Sources */ = {isa = PBXBuildFile; fileRef = 2392A8F42C5A8ED0000C0632 /* Akakce_Case_StudyUITests.swift */; };
		2392A8F72C5A8ED0000C0632 /* Akakce_Case_StudyUITestsLaunchTests.swift in Sources */ = {isa = PBXBuildFile; fileRef = 2392A8F62C5A8ED0000C0632 /* Akakce_Case_StudyUITestsLaunchTests.swift */; };
		2392A9062C5A8FCB000C0632 /* ProductListViewController.swift in Sources */ = {isa = PBXBuildFile; fileRef = 2392A9052C5A8FCB000C0632 /* ProductListViewController.swift */; };
		2392A9082C5A8FE6000C0632 /* ProductListBuilder.swift in Sources */ = {isa = PBXBuildFile; fileRef = 2392A9072C5A8FE6000C0632 /* ProductListBuilder.swift */; };
		2392A90B2C5A94C9000C0632 /* Networking in Frameworks */ = {isa = PBXBuildFile; productRef = 2392A90A2C5A94C9000C0632 /* Networking */; };
		2392A90D2C5A9AAC000C0632 /* ProductListInteractor.swift in Sources */ = {isa = PBXBuildFile; fileRef = 2392A90C2C5A9AAC000C0632 /* ProductListInteractor.swift */; };
		2392A9112C5A9B0F000C0632 /* ProductNetworkModel.swift in Sources */ = {isa = PBXBuildFile; fileRef = 2392A9102C5A9B0F000C0632 /* ProductNetworkModel.swift */; };
		2392A9132C5A9B32000C0632 /* RatingNetworkModel.swift in Sources */ = {isa = PBXBuildFile; fileRef = 2392A9122C5A9B32000C0632 /* RatingNetworkModel.swift */; };
		2392A9162C5A9C19000C0632 /* ProductListService.swift in Sources */ = {isa = PBXBuildFile; fileRef = 2392A9152C5A9C19000C0632 /* ProductListService.swift */; };
		2392A9192C5A9DCA000C0632 /* ProductEndpoints.swift in Sources */ = {isa = PBXBuildFile; fileRef = 2392A9182C5A9DCA000C0632 /* ProductEndpoints.swift */; };
		2392A91C2C5A9F0E000C0632 /* Category.swift in Sources */ = {isa = PBXBuildFile; fileRef = 2392A91B2C5A9F0E000C0632 /* Category.swift */; };
		2392A91E2C5AA004000C0632 /* Rating.swift in Sources */ = {isa = PBXBuildFile; fileRef = 2392A91D2C5AA004000C0632 /* Rating.swift */; };
		2392A9202C5AA07D000C0632 /* Product.swift in Sources */ = {isa = PBXBuildFile; fileRef = 2392A91F2C5AA07D000C0632 /* Product.swift */; };
		2392A9222C5AAA89000C0632 /* ProductListPresenter.swift in Sources */ = {isa = PBXBuildFile; fileRef = 2392A9212C5AAA89000C0632 /* ProductListPresenter.swift */; };
		2392A9252C5B568E000C0632 /* ProductListPagerView.swift in Sources */ = {isa = PBXBuildFile; fileRef = 2392A9242C5B568E000C0632 /* ProductListPagerView.swift */; };
		2392A9282C5B56F0000C0632 /* UIView.swift in Sources */ = {isa = PBXBuildFile; fileRef = 2392A9272C5B56F0000C0632 /* UIView.swift */; };
		2392A92A2C5B5918000C0632 /* ProductListHeaderCell.swift in Sources */ = {isa = PBXBuildFile; fileRef = 2392A9292C5B5918000C0632 /* ProductListHeaderCell.swift */; };
		2392A92C2C5B747B000C0632 /* PageControlFooterView.swift in Sources */ = {isa = PBXBuildFile; fileRef = 2392A92B2C5B747B000C0632 /* PageControlFooterView.swift */; };
		2392A92E2C5B76AD000C0632 /* UICollectionView.swift in Sources */ = {isa = PBXBuildFile; fileRef = 2392A92D2C5B76AD000C0632 /* UICollectionView.swift */; };
		2392A9312C5B8E83000C0632 /* Nuke in Frameworks */ = {isa = PBXBuildFile; productRef = 2392A9302C5B8E83000C0632 /* Nuke */; };
		2392A9332C5B8E83000C0632 /* NukeExtensions in Frameworks */ = {isa = PBXBuildFile; productRef = 2392A9322C5B8E83000C0632 /* NukeExtensions */; };
		2392A9352C5B8E83000C0632 /* NukeUI in Frameworks */ = {isa = PBXBuildFile; productRef = 2392A9342C5B8E83000C0632 /* NukeUI */; };
		2392A93A2C5B9616000C0632 /* ProductListCollectionView.swift in Sources */ = {isa = PBXBuildFile; fileRef = 2392A9392C5B9616000C0632 /* ProductListCollectionView.swift */; };
		2392A93C2C5B9AE6000C0632 /* ProductListCollectionViewCell.swift in Sources */ = {isa = PBXBuildFile; fileRef = 2392A93B2C5B9AE6000C0632 /* ProductListCollectionViewCell.swift */; };
		2392A93E2C5BB9D8000C0632 /* ProductListRouter.swift in Sources */ = {isa = PBXBuildFile; fileRef = 2392A93D2C5BB9D8000C0632 /* ProductListRouter.swift */; };
		2392A9412C5BBC67000C0632 /* ProductDetailsBuilder.swift in Sources */ = {isa = PBXBuildFile; fileRef = 2392A9402C5BBC67000C0632 /* ProductDetailsBuilder.swift */; };
		2392A9432C5BBC9D000C0632 /* ProductDetailsViewController.swift in Sources */ = {isa = PBXBuildFile; fileRef = 2392A9422C5BBC9D000C0632 /* ProductDetailsViewController.swift */; };
		2392A9452C5BBCC7000C0632 /* ProductDetailsPresenter.swift in Sources */ = {isa = PBXBuildFile; fileRef = 2392A9442C5BBCC7000C0632 /* ProductDetailsPresenter.swift */; };
		2392A9472C5BBCE7000C0632 /* ProductDetailsInteractor.swift in Sources */ = {isa = PBXBuildFile; fileRef = 2392A9462C5BBCE7000C0632 /* ProductDetailsInteractor.swift */; };
		2392A9492C5BBD50000C0632 /* ProductDetailsService.swift in Sources */ = {isa = PBXBuildFile; fileRef = 2392A9482C5BBD50000C0632 /* ProductDetailsService.swift */; };
		2392A94B2C5BC1C3000C0632 /* ProductDetailsView.swift in Sources */ = {isa = PBXBuildFile; fileRef = 2392A94A2C5BC1C3000C0632 /* ProductDetailsView.swift */; };
		2392A9582C5BD58D000C0632 /* Cosmos in Frameworks */ = {isa = PBXBuildFile; productRef = 2392A9572C5BD58D000C0632 /* Cosmos */; };
		23E6DC962C5FF18B00F3714E /* ProductListInteractorTests.swift in Sources */ = {isa = PBXBuildFile; fileRef = 23E6DC952C5FF18B00F3714E /* ProductListInteractorTests.swift */; };
		23E6DC992C5FF1F200F3714E /* ProductListServiceMock.swift in Sources */ = {isa = PBXBuildFile; fileRef = 23E6DC982C5FF1F200F3714E /* ProductListServiceMock.swift */; };
		23E6DC9D2C5FF52F00F3714E /* ProductModelFactory.swift in Sources */ = {isa = PBXBuildFile; fileRef = 23E6DC9C2C5FF52F00F3714E /* ProductModelFactory.swift */; };
		23E6DC9F2C5FF6DC00F3714E /* ProductModelFactoryTests.swift in Sources */ = {isa = PBXBuildFile; fileRef = 23E6DC9E2C5FF6DC00F3714E /* ProductModelFactoryTests.swift */; };
		23E6DCA12C5FF91800F3714E /* ProductModelFactoryMock.swift in Sources */ = {isa = PBXBuildFile; fileRef = 23E6DCA02C5FF91800F3714E /* ProductModelFactoryMock.swift */; };
		23E6DCA32C5FFA2D00F3714E /* ProductListServiceTests.swift in Sources */ = {isa = PBXBuildFile; fileRef = 23E6DCA22C5FFA2D00F3714E /* ProductListServiceTests.swift */; };
		23E6DCA72C5FFAA800F3714E /* NetworkingMock.swift in Sources */ = {isa = PBXBuildFile; fileRef = 23E6DCA62C5FFAA800F3714E /* NetworkingMock.swift */; };
		23E6DCAC2C60A3F400F3714E /* ProductListPresenterTests.swift in Sources */ = {isa = PBXBuildFile; fileRef = 23E6DCAB2C60A3F400F3714E /* ProductListPresenterTests.swift */; };
		23E6DCAE2C60A54C00F3714E /* ProductListViewMock.swift in Sources */ = {isa = PBXBuildFile; fileRef = 23E6DCAD2C60A54C00F3714E /* ProductListViewMock.swift */; };
		23E6DCB02C60A5A700F3714E /* ProductListRouterMock.swift in Sources */ = {isa = PBXBuildFile; fileRef = 23E6DCAF2C60A5A700F3714E /* ProductListRouterMock.swift */; };
		23E6DCB32C60A70E00F3714E /* ProductListInteractorMock.swift in Sources */ = {isa = PBXBuildFile; fileRef = 23E6DCB22C60A70E00F3714E /* ProductListInteractorMock.swift */; };
/* End PBXBuildFile section */

/* Begin PBXContainerItemProxy section */
		2392A8E72C5A8ED0000C0632 /* PBXContainerItemProxy */ = {
			isa = PBXContainerItemProxy;
			containerPortal = 2392A8C82C5A8ECF000C0632 /* Project object */;
			proxyType = 1;
			remoteGlobalIDString = 2392A8CF2C5A8ECF000C0632;
			remoteInfo = "Akakce Case Study";
		};
		2392A8F12C5A8ED0000C0632 /* PBXContainerItemProxy */ = {
			isa = PBXContainerItemProxy;
			containerPortal = 2392A8C82C5A8ECF000C0632 /* Project object */;
			proxyType = 1;
			remoteGlobalIDString = 2392A8CF2C5A8ECF000C0632;
			remoteInfo = "Akakce Case Study";
		};
/* End PBXContainerItemProxy section */

/* Begin PBXFileReference section */
		2392A8D02C5A8ECF000C0632 /* Akakce Case Study.app */ = {isa = PBXFileReference; explicitFileType = wrapper.application; includeInIndex = 0; path = "Akakce Case Study.app"; sourceTree = BUILT_PRODUCTS_DIR; };
		2392A8D32C5A8ECF000C0632 /* AppDelegate.swift */ = {isa = PBXFileReference; lastKnownFileType = sourcecode.swift; path = AppDelegate.swift; sourceTree = "<group>"; };
		2392A8D52C5A8ECF000C0632 /* SceneDelegate.swift */ = {isa = PBXFileReference; lastKnownFileType = sourcecode.swift; path = SceneDelegate.swift; sourceTree = "<group>"; };
		2392A8D72C5A8ECF000C0632 /* ViewController.swift */ = {isa = PBXFileReference; lastKnownFileType = sourcecode.swift; path = ViewController.swift; sourceTree = "<group>"; };
		2392A8DC2C5A8ED0000C0632 /* Assets.xcassets */ = {isa = PBXFileReference; lastKnownFileType = folder.assetcatalog; path = Assets.xcassets; sourceTree = "<group>"; };
		2392A8DF2C5A8ED0000C0632 /* Base */ = {isa = PBXFileReference; lastKnownFileType = file.storyboard; name = Base; path = Base.lproj/LaunchScreen.storyboard; sourceTree = "<group>"; };
		2392A8E12C5A8ED0000C0632 /* Info.plist */ = {isa = PBXFileReference; lastKnownFileType = text.plist.xml; path = Info.plist; sourceTree = "<group>"; };
		2392A8E62C5A8ED0000C0632 /* Akakce Case StudyTests.xctest */ = {isa = PBXFileReference; explicitFileType = wrapper.cfbundle; includeInIndex = 0; path = "Akakce Case StudyTests.xctest"; sourceTree = BUILT_PRODUCTS_DIR; };
		2392A8EA2C5A8ED0000C0632 /* Akakce_Case_StudyTests.swift */ = {isa = PBXFileReference; lastKnownFileType = sourcecode.swift; path = Akakce_Case_StudyTests.swift; sourceTree = "<group>"; };
		2392A8F02C5A8ED0000C0632 /* Akakce Case StudyUITests.xctest */ = {isa = PBXFileReference; explicitFileType = wrapper.cfbundle; includeInIndex = 0; path = "Akakce Case StudyUITests.xctest"; sourceTree = BUILT_PRODUCTS_DIR; };
		2392A8F42C5A8ED0000C0632 /* Akakce_Case_StudyUITests.swift */ = {isa = PBXFileReference; lastKnownFileType = sourcecode.swift; path = Akakce_Case_StudyUITests.swift; sourceTree = "<group>"; };
		2392A8F62C5A8ED0000C0632 /* Akakce_Case_StudyUITestsLaunchTests.swift */ = {isa = PBXFileReference; lastKnownFileType = sourcecode.swift; path = Akakce_Case_StudyUITestsLaunchTests.swift; sourceTree = "<group>"; };
		2392A9052C5A8FCB000C0632 /* ProductListViewController.swift */ = {isa = PBXFileReference; lastKnownFileType = sourcecode.swift; path = ProductListViewController.swift; sourceTree = "<group>"; };
		2392A9072C5A8FE6000C0632 /* ProductListBuilder.swift */ = {isa = PBXFileReference; lastKnownFileType = sourcecode.swift; path = ProductListBuilder.swift; sourceTree = "<group>"; };
		2392A90C2C5A9AAC000C0632 /* ProductListInteractor.swift */ = {isa = PBXFileReference; lastKnownFileType = sourcecode.swift; path = ProductListInteractor.swift; sourceTree = "<group>"; };
		2392A9102C5A9B0F000C0632 /* ProductNetworkModel.swift */ = {isa = PBXFileReference; lastKnownFileType = sourcecode.swift; path = ProductNetworkModel.swift; sourceTree = "<group>"; };
		2392A9122C5A9B32000C0632 /* RatingNetworkModel.swift */ = {isa = PBXFileReference; lastKnownFileType = sourcecode.swift; path = RatingNetworkModel.swift; sourceTree = "<group>"; };
		2392A9152C5A9C19000C0632 /* ProductListService.swift */ = {isa = PBXFileReference; lastKnownFileType = sourcecode.swift; path = ProductListService.swift; sourceTree = "<group>"; };
		2392A9182C5A9DCA000C0632 /* ProductEndpoints.swift */ = {isa = PBXFileReference; lastKnownFileType = sourcecode.swift; path = ProductEndpoints.swift; sourceTree = "<group>"; };
		2392A91B2C5A9F0E000C0632 /* Category.swift */ = {isa = PBXFileReference; lastKnownFileType = sourcecode.swift; path = Category.swift; sourceTree = "<group>"; };
		2392A91D2C5AA004000C0632 /* Rating.swift */ = {isa = PBXFileReference; lastKnownFileType = sourcecode.swift; path = Rating.swift; sourceTree = "<group>"; };
		2392A91F2C5AA07D000C0632 /* Product.swift */ = {isa = PBXFileReference; lastKnownFileType = sourcecode.swift; path = Product.swift; sourceTree = "<group>"; };
		2392A9212C5AAA89000C0632 /* ProductListPresenter.swift */ = {isa = PBXFileReference; lastKnownFileType = sourcecode.swift; path = ProductListPresenter.swift; sourceTree = "<group>"; };
		2392A9242C5B568E000C0632 /* ProductListPagerView.swift */ = {isa = PBXFileReference; lastKnownFileType = sourcecode.swift; path = ProductListPagerView.swift; sourceTree = "<group>"; };
		2392A9272C5B56F0000C0632 /* UIView.swift */ = {isa = PBXFileReference; lastKnownFileType = sourcecode.swift; path = UIView.swift; sourceTree = "<group>"; };
		2392A9292C5B5918000C0632 /* ProductListHeaderCell.swift */ = {isa = PBXFileReference; lastKnownFileType = sourcecode.swift; path = ProductListHeaderCell.swift; sourceTree = "<group>"; };
		2392A92B2C5B747B000C0632 /* PageControlFooterView.swift */ = {isa = PBXFileReference; lastKnownFileType = sourcecode.swift; path = PageControlFooterView.swift; sourceTree = "<group>"; };
		2392A92D2C5B76AD000C0632 /* UICollectionView.swift */ = {isa = PBXFileReference; lastKnownFileType = sourcecode.swift; path = UICollectionView.swift; sourceTree = "<group>"; };
		2392A9392C5B9616000C0632 /* ProductListCollectionView.swift */ = {isa = PBXFileReference; lastKnownFileType = sourcecode.swift; path = ProductListCollectionView.swift; sourceTree = "<group>"; };
		2392A93B2C5B9AE6000C0632 /* ProductListCollectionViewCell.swift */ = {isa = PBXFileReference; lastKnownFileType = sourcecode.swift; path = ProductListCollectionViewCell.swift; sourceTree = "<group>"; };
		2392A93D2C5BB9D8000C0632 /* ProductListRouter.swift */ = {isa = PBXFileReference; lastKnownFileType = sourcecode.swift; path = ProductListRouter.swift; sourceTree = "<group>"; };
		2392A9402C5BBC67000C0632 /* ProductDetailsBuilder.swift */ = {isa = PBXFileReference; lastKnownFileType = sourcecode.swift; path = ProductDetailsBuilder.swift; sourceTree = "<group>"; };
		2392A9422C5BBC9D000C0632 /* ProductDetailsViewController.swift */ = {isa = PBXFileReference; lastKnownFileType = sourcecode.swift; path = ProductDetailsViewController.swift; sourceTree = "<group>"; };
		2392A9442C5BBCC7000C0632 /* ProductDetailsPresenter.swift */ = {isa = PBXFileReference; lastKnownFileType = sourcecode.swift; path = ProductDetailsPresenter.swift; sourceTree = "<group>"; };
		2392A9462C5BBCE7000C0632 /* ProductDetailsInteractor.swift */ = {isa = PBXFileReference; lastKnownFileType = sourcecode.swift; path = ProductDetailsInteractor.swift; sourceTree = "<group>"; };
		2392A9482C5BBD50000C0632 /* ProductDetailsService.swift */ = {isa = PBXFileReference; lastKnownFileType = sourcecode.swift; path = ProductDetailsService.swift; sourceTree = "<group>"; };
		2392A94A2C5BC1C3000C0632 /* ProductDetailsView.swift */ = {isa = PBXFileReference; lastKnownFileType = sourcecode.swift; path = ProductDetailsView.swift; sourceTree = "<group>"; };
		23E6DC952C5FF18B00F3714E /* ProductListInteractorTests.swift */ = {isa = PBXFileReference; lastKnownFileType = sourcecode.swift; path = ProductListInteractorTests.swift; sourceTree = "<group>"; };
		23E6DC982C5FF1F200F3714E /* ProductListServiceMock.swift */ = {isa = PBXFileReference; lastKnownFileType = sourcecode.swift; path = ProductListServiceMock.swift; sourceTree = "<group>"; };
		23E6DC9C2C5FF52F00F3714E /* ProductModelFactory.swift */ = {isa = PBXFileReference; lastKnownFileType = sourcecode.swift; path = ProductModelFactory.swift; sourceTree = "<group>"; };
		23E6DC9E2C5FF6DC00F3714E /* ProductModelFactoryTests.swift */ = {isa = PBXFileReference; lastKnownFileType = sourcecode.swift; path = ProductModelFactoryTests.swift; sourceTree = "<group>"; };
		23E6DCA02C5FF91800F3714E /* ProductModelFactoryMock.swift */ = {isa = PBXFileReference; lastKnownFileType = sourcecode.swift; path = ProductModelFactoryMock.swift; sourceTree = "<group>"; };
		23E6DCA22C5FFA2D00F3714E /* ProductListServiceTests.swift */ = {isa = PBXFileReference; lastKnownFileType = sourcecode.swift; path = ProductListServiceTests.swift; sourceTree = "<group>"; };
		23E6DCA62C5FFAA800F3714E /* NetworkingMock.swift */ = {isa = PBXFileReference; lastKnownFileType = sourcecode.swift; path = NetworkingMock.swift; sourceTree = "<group>"; };
		23E6DCAB2C60A3F400F3714E /* ProductListPresenterTests.swift */ = {isa = PBXFileReference; lastKnownFileType = sourcecode.swift; path = ProductListPresenterTests.swift; sourceTree = "<group>"; };
		23E6DCAD2C60A54C00F3714E /* ProductListViewMock.swift */ = {isa = PBXFileReference; lastKnownFileType = sourcecode.swift; path = ProductListViewMock.swift; sourceTree = "<group>"; };
		23E6DCAF2C60A5A700F3714E /* ProductListRouterMock.swift */ = {isa = PBXFileReference; lastKnownFileType = sourcecode.swift; path = ProductListRouterMock.swift; sourceTree = "<group>"; };
		23E6DCB22C60A70E00F3714E /* ProductListInteractorMock.swift */ = {isa = PBXFileReference; lastKnownFileType = sourcecode.swift; path = ProductListInteractorMock.swift; sourceTree = "<group>"; };
/* End PBXFileReference section */

/* Begin PBXFrameworksBuildPhase section */
		2392A8CD2C5A8ECF000C0632 /* Frameworks */ = {
			isa = PBXFrameworksBuildPhase;
			buildActionMask = 2147483647;
			files = (
				2392A9582C5BD58D000C0632 /* Cosmos in Frameworks */,
				2392A90B2C5A94C9000C0632 /* Networking in Frameworks */,
				2392A9312C5B8E83000C0632 /* Nuke in Frameworks */,
				2392A9332C5B8E83000C0632 /* NukeExtensions in Frameworks */,
				2392A9352C5B8E83000C0632 /* NukeUI in Frameworks */,
			);
			runOnlyForDeploymentPostprocessing = 0;
		};
		2392A8E32C5A8ED0000C0632 /* Frameworks */ = {
			isa = PBXFrameworksBuildPhase;
			buildActionMask = 2147483647;
			files = (
			);
			runOnlyForDeploymentPostprocessing = 0;
		};
		2392A8ED2C5A8ED0000C0632 /* Frameworks */ = {
			isa = PBXFrameworksBuildPhase;
			buildActionMask = 2147483647;
			files = (
			);
			runOnlyForDeploymentPostprocessing = 0;
		};
/* End PBXFrameworksBuildPhase section */

/* Begin PBXGroup section */
		2392A8C72C5A8ECF000C0632 = {
			isa = PBXGroup;
			children = (
				2392A8D22C5A8ECF000C0632 /* Akakce Case Study */,
				2392A8E92C5A8ED0000C0632 /* Akakce Case StudyTests */,
				2392A8F32C5A8ED0000C0632 /* Akakce Case StudyUITests */,
				2392A8D12C5A8ECF000C0632 /* Products */,
			);
			sourceTree = "<group>";
		};
		2392A8D12C5A8ECF000C0632 /* Products */ = {
			isa = PBXGroup;
			children = (
				2392A8D02C5A8ECF000C0632 /* Akakce Case Study.app */,
				2392A8E62C5A8ED0000C0632 /* Akakce Case StudyTests.xctest */,
				2392A8F02C5A8ED0000C0632 /* Akakce Case StudyUITests.xctest */,
			);
			name = Products;
			sourceTree = "<group>";
		};
		2392A8D22C5A8ECF000C0632 /* Akakce Case Study */ = {
			isa = PBXGroup;
			children = (
				2392A9262C5B56E8000C0632 /* Extension */,
				2392A9172C5A9DBB000C0632 /* Network */,
				2392A90E2C5A9AE2000C0632 /* Model */,
				2392A9042C5A8FB1000C0632 /* Scenes */,
				2392A8D32C5A8ECF000C0632 /* AppDelegate.swift */,
				2392A8D52C5A8ECF000C0632 /* SceneDelegate.swift */,
				2392A8D72C5A8ECF000C0632 /* ViewController.swift */,
				2392A8DC2C5A8ED0000C0632 /* Assets.xcassets */,
				2392A8DE2C5A8ED0000C0632 /* LaunchScreen.storyboard */,
				2392A8E12C5A8ED0000C0632 /* Info.plist */,
			);
			path = "Akakce Case Study";
			sourceTree = "<group>";
		};
		2392A8E92C5A8ED0000C0632 /* Akakce Case StudyTests */ = {
			isa = PBXGroup;
			children = (
				23E6DCAA2C60A39800F3714E /* ProductListTests */,
				23E6DCA52C5FFA4300F3714E /* FactoryTests */,
				23E6DC972C5FF1E000F3714E /* CommonMocks */,
				2392A8EA2C5A8ED0000C0632 /* Akakce_Case_StudyTests.swift */,
			);
			path = "Akakce Case StudyTests";
			sourceTree = "<group>";
		};
		2392A8F32C5A8ED0000C0632 /* Akakce Case StudyUITests */ = {
			isa = PBXGroup;
			children = (
				2392A8F42C5A8ED0000C0632 /* Akakce_Case_StudyUITests.swift */,
				2392A8F62C5A8ED0000C0632 /* Akakce_Case_StudyUITestsLaunchTests.swift */,
			);
			path = "Akakce Case StudyUITests";
			sourceTree = "<group>";
		};
		2392A9032C5A8FAA000C0632 /* ProductListScene */ = {
			isa = PBXGroup;
			children = (
				2392A9072C5A8FE6000C0632 /* ProductListBuilder.swift */,
				2392A90C2C5A9AAC000C0632 /* ProductListInteractor.swift */,
				2392A9212C5AAA89000C0632 /* ProductListPresenter.swift */,
				2392A93D2C5BB9D8000C0632 /* ProductListRouter.swift */,
				2392A9152C5A9C19000C0632 /* ProductListService.swift */,
				2392A9052C5A8FCB000C0632 /* ProductListViewController.swift */,
				2392A9382C5B95E9000C0632 /* ProductListCollectionView */,
				2392A9232C5B5560000C0632 /* ProductListPagerView */,
			);
			path = ProductListScene;
			sourceTree = "<group>";
		};
		2392A9042C5A8FB1000C0632 /* Scenes */ = {
			isa = PBXGroup;
			children = (
				2392A93F2C5BBC41000C0632 /* ProductDetailsScene */,
				2392A9032C5A8FAA000C0632 /* ProductListScene */,
			);
			path = Scenes;
			sourceTree = "<group>";
		};
		2392A90E2C5A9AE2000C0632 /* Model */ = {
			isa = PBXGroup;
			children = (
				2392A91A2C5A9EEE000C0632 /* DomainModel */,
				2392A90F2C5A9AE7000C0632 /* NetworkModel */,
				23E6DC9C2C5FF52F00F3714E /* ProductModelFactory.swift */,
			);
			path = Model;
			sourceTree = "<group>";
		};
		2392A90F2C5A9AE7000C0632 /* NetworkModel */ = {
			isa = PBXGroup;
			children = (
				2392A9102C5A9B0F000C0632 /* ProductNetworkModel.swift */,
				2392A9122C5A9B32000C0632 /* RatingNetworkModel.swift */,
			);
			path = NetworkModel;
			sourceTree = "<group>";
		};
		2392A9172C5A9DBB000C0632 /* Network */ = {
			isa = PBXGroup;
			children = (
				2392A9182C5A9DCA000C0632 /* ProductEndpoints.swift */,
			);
			path = Network;
			sourceTree = "<group>";
		};
		2392A91A2C5A9EEE000C0632 /* DomainModel */ = {
			isa = PBXGroup;
			children = (
				2392A91B2C5A9F0E000C0632 /* Category.swift */,
				2392A91F2C5AA07D000C0632 /* Product.swift */,
				2392A91D2C5AA004000C0632 /* Rating.swift */,
			);
			path = DomainModel;
			sourceTree = "<group>";
		};
		2392A9232C5B5560000C0632 /* ProductListPagerView */ = {
			isa = PBXGroup;
			children = (
				2392A9242C5B568E000C0632 /* ProductListPagerView.swift */,
				2392A9292C5B5918000C0632 /* ProductListHeaderCell.swift */,
				2392A92B2C5B747B000C0632 /* PageControlFooterView.swift */,
			);
			path = ProductListPagerView;
			sourceTree = "<group>";
		};
		2392A9262C5B56E8000C0632 /* Extension */ = {
			isa = PBXGroup;
			children = (
				2392A9272C5B56F0000C0632 /* UIView.swift */,
				2392A92D2C5B76AD000C0632 /* UICollectionView.swift */,
			);
			path = Extension;
			sourceTree = "<group>";
		};
		2392A9382C5B95E9000C0632 /* ProductListCollectionView */ = {
			isa = PBXGroup;
			children = (
				2392A9392C5B9616000C0632 /* ProductListCollectionView.swift */,
				2392A93B2C5B9AE6000C0632 /* ProductListCollectionViewCell.swift */,
			);
			path = ProductListCollectionView;
			sourceTree = "<group>";
		};
		2392A93F2C5BBC41000C0632 /* ProductDetailsScene */ = {
			isa = PBXGroup;
			children = (
				2392A9402C5BBC67000C0632 /* ProductDetailsBuilder.swift */,
				2392A9462C5BBCE7000C0632 /* ProductDetailsInteractor.swift */,
				2392A9442C5BBCC7000C0632 /* ProductDetailsPresenter.swift */,
				2392A9482C5BBD50000C0632 /* ProductDetailsService.swift */,
				2392A9422C5BBC9D000C0632 /* ProductDetailsViewController.swift */,
				2392A94A2C5BC1C3000C0632 /* ProductDetailsView.swift */,
			);
			path = ProductDetailsScene;
			sourceTree = "<group>";
		};
		23E6DC972C5FF1E000F3714E /* CommonMocks */ = {
			isa = PBXGroup;
			children = (
				23E6DCA02C5FF91800F3714E /* ProductModelFactoryMock.swift */,
				23E6DCA62C5FFAA800F3714E /* NetworkingMock.swift */,
			);
			path = CommonMocks;
			sourceTree = "<group>";
		};
		23E6DCA52C5FFA4300F3714E /* FactoryTests */ = {
			isa = PBXGroup;
			children = (
				23E6DC9E2C5FF6DC00F3714E /* ProductModelFactoryTests.swift */,
			);
			path = FactoryTests;
			sourceTree = "<group>";
		};
		23E6DCAA2C60A39800F3714E /* ProductListTests */ = {
			isa = PBXGroup;
			children = (
				23E6DCB12C60A5C600F3714E /* Mock */,
				23E6DC952C5FF18B00F3714E /* ProductListInteractorTests.swift */,
				23E6DCA22C5FFA2D00F3714E /* ProductListServiceTests.swift */,
				23E6DCAB2C60A3F400F3714E /* ProductListPresenterTests.swift */,
			);
			path = ProductListTests;
			sourceTree = "<group>";
		};
		23E6DCB12C60A5C600F3714E /* Mock */ = {
			isa = PBXGroup;
			children = (
				23E6DCAD2C60A54C00F3714E /* ProductListViewMock.swift */,
				23E6DC982C5FF1F200F3714E /* ProductListServiceMock.swift */,
				23E6DCAF2C60A5A700F3714E /* ProductListRouterMock.swift */,
				23E6DCB22C60A70E00F3714E /* ProductListInteractorMock.swift */,
			);
			path = Mock;
			sourceTree = "<group>";
		};
/* End PBXGroup section */

/* Begin PBXNativeTarget section */
		2392A8CF2C5A8ECF000C0632 /* Akakce Case Study */ = {
			isa = PBXNativeTarget;
			buildConfigurationList = 2392A8FA2C5A8ED0000C0632 /* Build configuration list for PBXNativeTarget "Akakce Case Study" */;
			buildPhases = (
				2392A8CC2C5A8ECF000C0632 /* Sources */,
				2392A8CD2C5A8ECF000C0632 /* Frameworks */,
				2392A8CE2C5A8ECF000C0632 /* Resources */,
			);
			buildRules = (
			);
			dependencies = (
			);
			name = "Akakce Case Study";
			packageProductDependencies = (
				2392A90A2C5A94C9000C0632 /* Networking */,
				2392A9302C5B8E83000C0632 /* Nuke */,
				2392A9322C5B8E83000C0632 /* NukeExtensions */,
				2392A9342C5B8E83000C0632 /* NukeUI */,
				2392A9572C5BD58D000C0632 /* Cosmos */,
			);
			productName = "Akakce Case Study";
			productReference = 2392A8D02C5A8ECF000C0632 /* Akakce Case Study.app */;
			productType = "com.apple.product-type.application";
		};
		2392A8E52C5A8ED0000C0632 /* Akakce Case StudyTests */ = {
			isa = PBXNativeTarget;
			buildConfigurationList = 2392A8FD2C5A8ED0000C0632 /* Build configuration list for PBXNativeTarget "Akakce Case StudyTests" */;
			buildPhases = (
				2392A8E22C5A8ED0000C0632 /* Sources */,
				2392A8E32C5A8ED0000C0632 /* Frameworks */,
				2392A8E42C5A8ED0000C0632 /* Resources */,
			);
			buildRules = (
			);
			dependencies = (
				2392A8E82C5A8ED0000C0632 /* PBXTargetDependency */,
			);
			name = "Akakce Case StudyTests";
			productName = "Akakce Case StudyTests";
			productReference = 2392A8E62C5A8ED0000C0632 /* Akakce Case StudyTests.xctest */;
			productType = "com.apple.product-type.bundle.unit-test";
		};
		2392A8EF2C5A8ED0000C0632 /* Akakce Case StudyUITests */ = {
			isa = PBXNativeTarget;
			buildConfigurationList = 2392A9002C5A8ED0000C0632 /* Build configuration list for PBXNativeTarget "Akakce Case StudyUITests" */;
			buildPhases = (
				2392A8EC2C5A8ED0000C0632 /* Sources */,
				2392A8ED2C5A8ED0000C0632 /* Frameworks */,
				2392A8EE2C5A8ED0000C0632 /* Resources */,
			);
			buildRules = (
			);
			dependencies = (
				2392A8F22C5A8ED0000C0632 /* PBXTargetDependency */,
			);
			name = "Akakce Case StudyUITests";
			productName = "Akakce Case StudyUITests";
			productReference = 2392A8F02C5A8ED0000C0632 /* Akakce Case StudyUITests.xctest */;
			productType = "com.apple.product-type.bundle.ui-testing";
		};
/* End PBXNativeTarget section */

/* Begin PBXProject section */
		2392A8C82C5A8ECF000C0632 /* Project object */ = {
			isa = PBXProject;
			attributes = {
				BuildIndependentTargetsInParallel = 1;
				LastSwiftUpdateCheck = 1540;
				LastUpgradeCheck = 1540;
				TargetAttributes = {
					2392A8CF2C5A8ECF000C0632 = {
						CreatedOnToolsVersion = 15.4;
					};
					2392A8E52C5A8ED0000C0632 = {
						CreatedOnToolsVersion = 15.4;
						TestTargetID = 2392A8CF2C5A8ECF000C0632;
					};
					2392A8EF2C5A8ED0000C0632 = {
						CreatedOnToolsVersion = 15.4;
						TestTargetID = 2392A8CF2C5A8ECF000C0632;
					};
				};
			};
			buildConfigurationList = 2392A8CB2C5A8ECF000C0632 /* Build configuration list for PBXProject "Akakce Case Study" */;
			compatibilityVersion = "Xcode 14.0";
			developmentRegion = en;
			hasScannedForEncodings = 0;
			knownRegions = (
				en,
				Base,
			);
			mainGroup = 2392A8C72C5A8ECF000C0632;
			packageReferences = (
				2392A9092C5A94C9000C0632 /* XCRemoteSwiftPackageReference "Networking" */,
				2392A92F2C5B8E83000C0632 /* XCRemoteSwiftPackageReference "Nuke" */,
				2392A9562C5BD58D000C0632 /* XCRemoteSwiftPackageReference "Cosmos" */,
			);
			productRefGroup = 2392A8D12C5A8ECF000C0632 /* Products */;
			projectDirPath = "";
			projectRoot = "";
			targets = (
				2392A8CF2C5A8ECF000C0632 /* Akakce Case Study */,
				2392A8E52C5A8ED0000C0632 /* Akakce Case StudyTests */,
				2392A8EF2C5A8ED0000C0632 /* Akakce Case StudyUITests */,
			);
		};
/* End PBXProject section */

/* Begin PBXResourcesBuildPhase section */
		2392A8CE2C5A8ECF000C0632 /* Resources */ = {
			isa = PBXResourcesBuildPhase;
			buildActionMask = 2147483647;
			files = (
				2392A8DD2C5A8ED0000C0632 /* Assets.xcassets in Resources */,
				2392A8E02C5A8ED0000C0632 /* Base in Resources */,
			);
			runOnlyForDeploymentPostprocessing = 0;
		};
		2392A8E42C5A8ED0000C0632 /* Resources */ = {
			isa = PBXResourcesBuildPhase;
			buildActionMask = 2147483647;
			files = (
			);
			runOnlyForDeploymentPostprocessing = 0;
		};
		2392A8EE2C5A8ED0000C0632 /* Resources */ = {
			isa = PBXResourcesBuildPhase;
			buildActionMask = 2147483647;
			files = (
			);
			runOnlyForDeploymentPostprocessing = 0;
		};
/* End PBXResourcesBuildPhase section */

/* Begin PBXSourcesBuildPhase section */
		2392A8CC2C5A8ECF000C0632 /* Sources */ = {
			isa = PBXSourcesBuildPhase;
			buildActionMask = 2147483647;
			files = (
				2392A9282C5B56F0000C0632 /* UIView.swift in Sources */,
				2392A9492C5BBD50000C0632 /* ProductDetailsService.swift in Sources */,
				2392A91E2C5AA004000C0632 /* Rating.swift in Sources */,
				23E6DC9D2C5FF52F00F3714E /* ProductModelFactory.swift in Sources */,
				2392A9162C5A9C19000C0632 /* ProductListService.swift in Sources */,
				2392A9112C5A9B0F000C0632 /* ProductNetworkModel.swift in Sources */,
				2392A93A2C5B9616000C0632 /* ProductListCollectionView.swift in Sources */,
				2392A8D82C5A8ECF000C0632 /* ViewController.swift in Sources */,
				2392A9192C5A9DCA000C0632 /* ProductEndpoints.swift in Sources */,
				2392A8D42C5A8ECF000C0632 /* AppDelegate.swift in Sources */,
				2392A9132C5A9B32000C0632 /* RatingNetworkModel.swift in Sources */,
				2392A9472C5BBCE7000C0632 /* ProductDetailsInteractor.swift in Sources */,
				2392A9062C5A8FCB000C0632 /* ProductListViewController.swift in Sources */,
				2392A90D2C5A9AAC000C0632 /* ProductListInteractor.swift in Sources */,
				2392A8D62C5A8ECF000C0632 /* SceneDelegate.swift in Sources */,
				2392A9222C5AAA89000C0632 /* ProductListPresenter.swift in Sources */,
				2392A9082C5A8FE6000C0632 /* ProductListBuilder.swift in Sources */,
				2392A93E2C5BB9D8000C0632 /* ProductListRouter.swift in Sources */,
				2392A92A2C5B5918000C0632 /* ProductListHeaderCell.swift in Sources */,
				2392A92C2C5B747B000C0632 /* PageControlFooterView.swift in Sources */,
				2392A9452C5BBCC7000C0632 /* ProductDetailsPresenter.swift in Sources */,
				2392A91C2C5A9F0E000C0632 /* Category.swift in Sources */,
				2392A9252C5B568E000C0632 /* ProductListPagerView.swift in Sources */,
				2392A9202C5AA07D000C0632 /* Product.swift in Sources */,
				2392A9412C5BBC67000C0632 /* ProductDetailsBuilder.swift in Sources */,
				2392A93C2C5B9AE6000C0632 /* ProductListCollectionViewCell.swift in Sources */,
				2392A94B2C5BC1C3000C0632 /* ProductDetailsView.swift in Sources */,
				2392A9432C5BBC9D000C0632 /* ProductDetailsViewController.swift in Sources */,
				2392A92E2C5B76AD000C0632 /* UICollectionView.swift in Sources */,
			);
			runOnlyForDeploymentPostprocessing = 0;
		};
		2392A8E22C5A8ED0000C0632 /* Sources */ = {
			isa = PBXSourcesBuildPhase;
			buildActionMask = 2147483647;
			files = (
				23E6DCA72C5FFAA800F3714E /* NetworkingMock.swift in Sources */,
				23E6DCB02C60A5A700F3714E /* ProductListRouterMock.swift in Sources */,
				23E6DCA12C5FF91800F3714E /* ProductModelFactoryMock.swift in Sources */,
				23E6DCAE2C60A54C00F3714E /* ProductListViewMock.swift in Sources */,
				23E6DCAC2C60A3F400F3714E /* ProductListPresenterTests.swift in Sources */,
				23E6DCA32C5FFA2D00F3714E /* ProductListServiceTests.swift in Sources */,
				2392A8EB2C5A8ED0000C0632 /* Akakce_Case_StudyTests.swift in Sources */,
				23E6DC962C5FF18B00F3714E /* ProductListInteractorTests.swift in Sources */,
				23E6DC9F2C5FF6DC00F3714E /* ProductModelFactoryTests.swift in Sources */,
				23E6DC992C5FF1F200F3714E /* ProductListServiceMock.swift in Sources */,
				23E6DCB32C60A70E00F3714E /* ProductListInteractorMock.swift in Sources */,
			);
			runOnlyForDeploymentPostprocessing = 0;
		};
		2392A8EC2C5A8ED0000C0632 /* Sources */ = {
			isa = PBXSourcesBuildPhase;
			buildActionMask = 2147483647;
			files = (
				2392A8F72C5A8ED0000C0632 /* Akakce_Case_StudyUITestsLaunchTests.swift in Sources */,
				2392A8F52C5A8ED0000C0632 /* Akakce_Case_StudyUITests.swift in Sources */,
			);
			runOnlyForDeploymentPostprocessing = 0;
		};
/* End PBXSourcesBuildPhase section */

/* Begin PBXTargetDependency section */
		2392A8E82C5A8ED0000C0632 /* PBXTargetDependency */ = {
			isa = PBXTargetDependency;
			target = 2392A8CF2C5A8ECF000C0632 /* Akakce Case Study */;
			targetProxy = 2392A8E72C5A8ED0000C0632 /* PBXContainerItemProxy */;
		};
		2392A8F22C5A8ED0000C0632 /* PBXTargetDependency */ = {
			isa = PBXTargetDependency;
			target = 2392A8CF2C5A8ECF000C0632 /* Akakce Case Study */;
			targetProxy = 2392A8F12C5A8ED0000C0632 /* PBXContainerItemProxy */;
		};
/* End PBXTargetDependency section */

/* Begin PBXVariantGroup section */
		2392A8DE2C5A8ED0000C0632 /* LaunchScreen.storyboard */ = {
			isa = PBXVariantGroup;
			children = (
				2392A8DF2C5A8ED0000C0632 /* Base */,
			);
			name = LaunchScreen.storyboard;
			sourceTree = "<group>";
		};
/* End PBXVariantGroup section */

/* Begin XCBuildConfiguration section */
		2392A8F82C5A8ED0000C0632 /* Debug */ = {
			isa = XCBuildConfiguration;
			buildSettings = {
				ALWAYS_SEARCH_USER_PATHS = NO;
				ASSETCATALOG_COMPILER_GENERATE_SWIFT_ASSET_SYMBOL_EXTENSIONS = YES;
				CLANG_ANALYZER_NONNULL = YES;
				CLANG_ANALYZER_NUMBER_OBJECT_CONVERSION = YES_AGGRESSIVE;
				CLANG_CXX_LANGUAGE_STANDARD = "gnu++20";
				CLANG_ENABLE_MODULES = YES;
				CLANG_ENABLE_OBJC_ARC = YES;
				CLANG_ENABLE_OBJC_WEAK = YES;
				CLANG_WARN_BLOCK_CAPTURE_AUTORELEASING = YES;
				CLANG_WARN_BOOL_CONVERSION = YES;
				CLANG_WARN_COMMA = YES;
				CLANG_WARN_CONSTANT_CONVERSION = YES;
				CLANG_WARN_DEPRECATED_OBJC_IMPLEMENTATIONS = YES;
				CLANG_WARN_DIRECT_OBJC_ISA_USAGE = YES_ERROR;
				CLANG_WARN_DOCUMENTATION_COMMENTS = YES;
				CLANG_WARN_EMPTY_BODY = YES;
				CLANG_WARN_ENUM_CONVERSION = YES;
				CLANG_WARN_INFINITE_RECURSION = YES;
				CLANG_WARN_INT_CONVERSION = YES;
				CLANG_WARN_NON_LITERAL_NULL_CONVERSION = YES;
				CLANG_WARN_OBJC_IMPLICIT_RETAIN_SELF = YES;
				CLANG_WARN_OBJC_LITERAL_CONVERSION = YES;
				CLANG_WARN_OBJC_ROOT_CLASS = YES_ERROR;
				CLANG_WARN_QUOTED_INCLUDE_IN_FRAMEWORK_HEADER = YES;
				CLANG_WARN_RANGE_LOOP_ANALYSIS = YES;
				CLANG_WARN_STRICT_PROTOTYPES = YES;
				CLANG_WARN_SUSPICIOUS_MOVE = YES;
				CLANG_WARN_UNGUARDED_AVAILABILITY = YES_AGGRESSIVE;
				CLANG_WARN_UNREACHABLE_CODE = YES;
				CLANG_WARN__DUPLICATE_METHOD_MATCH = YES;
				COPY_PHASE_STRIP = NO;
				DEBUG_INFORMATION_FORMAT = dwarf;
				ENABLE_STRICT_OBJC_MSGSEND = YES;
				ENABLE_TESTABILITY = YES;
				ENABLE_USER_SCRIPT_SANDBOXING = YES;
				GCC_C_LANGUAGE_STANDARD = gnu17;
				GCC_DYNAMIC_NO_PIC = NO;
				GCC_NO_COMMON_BLOCKS = YES;
				GCC_OPTIMIZATION_LEVEL = 0;
				GCC_PREPROCESSOR_DEFINITIONS = (
					"DEBUG=1",
					"$(inherited)",
				);
				GCC_WARN_64_TO_32_BIT_CONVERSION = YES;
				GCC_WARN_ABOUT_RETURN_TYPE = YES_ERROR;
				GCC_WARN_UNDECLARED_SELECTOR = YES;
				GCC_WARN_UNINITIALIZED_AUTOS = YES_AGGRESSIVE;
				GCC_WARN_UNUSED_FUNCTION = YES;
				GCC_WARN_UNUSED_VARIABLE = YES;
				IPHONEOS_DEPLOYMENT_TARGET = 17.5;
				LOCALIZATION_PREFERS_STRING_CATALOGS = YES;
				MTL_ENABLE_DEBUG_INFO = INCLUDE_SOURCE;
				MTL_FAST_MATH = YES;
				ONLY_ACTIVE_ARCH = YES;
				SDKROOT = iphoneos;
				SWIFT_ACTIVE_COMPILATION_CONDITIONS = "DEBUG $(inherited)";
				SWIFT_OPTIMIZATION_LEVEL = "-Onone";
			};
			name = Debug;
		};
		2392A8F92C5A8ED0000C0632 /* Release */ = {
			isa = XCBuildConfiguration;
			buildSettings = {
				ALWAYS_SEARCH_USER_PATHS = NO;
				ASSETCATALOG_COMPILER_GENERATE_SWIFT_ASSET_SYMBOL_EXTENSIONS = YES;
				CLANG_ANALYZER_NONNULL = YES;
				CLANG_ANALYZER_NUMBER_OBJECT_CONVERSION = YES_AGGRESSIVE;
				CLANG_CXX_LANGUAGE_STANDARD = "gnu++20";
				CLANG_ENABLE_MODULES = YES;
				CLANG_ENABLE_OBJC_ARC = YES;
				CLANG_ENABLE_OBJC_WEAK = YES;
				CLANG_WARN_BLOCK_CAPTURE_AUTORELEASING = YES;
				CLANG_WARN_BOOL_CONVERSION = YES;
				CLANG_WARN_COMMA = YES;
				CLANG_WARN_CONSTANT_CONVERSION = YES;
				CLANG_WARN_DEPRECATED_OBJC_IMPLEMENTATIONS = YES;
				CLANG_WARN_DIRECT_OBJC_ISA_USAGE = YES_ERROR;
				CLANG_WARN_DOCUMENTATION_COMMENTS = YES;
				CLANG_WARN_EMPTY_BODY = YES;
				CLANG_WARN_ENUM_CONVERSION = YES;
				CLANG_WARN_INFINITE_RECURSION = YES;
				CLANG_WARN_INT_CONVERSION = YES;
				CLANG_WARN_NON_LITERAL_NULL_CONVERSION = YES;
				CLANG_WARN_OBJC_IMPLICIT_RETAIN_SELF = YES;
				CLANG_WARN_OBJC_LITERAL_CONVERSION = YES;
				CLANG_WARN_OBJC_ROOT_CLASS = YES_ERROR;
				CLANG_WARN_QUOTED_INCLUDE_IN_FRAMEWORK_HEADER = YES;
				CLANG_WARN_RANGE_LOOP_ANALYSIS = YES;
				CLANG_WARN_STRICT_PROTOTYPES = YES;
				CLANG_WARN_SUSPICIOUS_MOVE = YES;
				CLANG_WARN_UNGUARDED_AVAILABILITY = YES_AGGRESSIVE;
				CLANG_WARN_UNREACHABLE_CODE = YES;
				CLANG_WARN__DUPLICATE_METHOD_MATCH = YES;
				COPY_PHASE_STRIP = NO;
				DEBUG_INFORMATION_FORMAT = "dwarf-with-dsym";
				ENABLE_NS_ASSERTIONS = NO;
				ENABLE_STRICT_OBJC_MSGSEND = YES;
				ENABLE_USER_SCRIPT_SANDBOXING = YES;
				GCC_C_LANGUAGE_STANDARD = gnu17;
				GCC_NO_COMMON_BLOCKS = YES;
				GCC_WARN_64_TO_32_BIT_CONVERSION = YES;
				GCC_WARN_ABOUT_RETURN_TYPE = YES_ERROR;
				GCC_WARN_UNDECLARED_SELECTOR = YES;
				GCC_WARN_UNINITIALIZED_AUTOS = YES_AGGRESSIVE;
				GCC_WARN_UNUSED_FUNCTION = YES;
				GCC_WARN_UNUSED_VARIABLE = YES;
				IPHONEOS_DEPLOYMENT_TARGET = 17.5;
				LOCALIZATION_PREFERS_STRING_CATALOGS = YES;
				MTL_ENABLE_DEBUG_INFO = NO;
				MTL_FAST_MATH = YES;
				SDKROOT = iphoneos;
				SWIFT_COMPILATION_MODE = wholemodule;
				VALIDATE_PRODUCT = YES;
			};
			name = Release;
		};
		2392A8FB2C5A8ED0000C0632 /* Debug */ = {
			isa = XCBuildConfiguration;
			buildSettings = {
				ASSETCATALOG_COMPILER_APPICON_NAME = AppIcon;
				ASSETCATALOG_COMPILER_GLOBAL_ACCENT_COLOR_NAME = AccentColor;
				CODE_SIGN_STYLE = Automatic;
				CURRENT_PROJECT_VERSION = 1;
				DEVELOPMENT_TEAM = 456T4LX972;
				GENERATE_INFOPLIST_FILE = YES;
				INFOPLIST_FILE = "Akakce Case Study/Info.plist";
				INFOPLIST_KEY_UIApplicationSupportsIndirectInputEvents = YES;
				INFOPLIST_KEY_UILaunchStoryboardName = LaunchScreen;
				INFOPLIST_KEY_UISupportedInterfaceOrientations = UIInterfaceOrientationPortrait;
				INFOPLIST_KEY_UISupportedInterfaceOrientations_iPad = "UIInterfaceOrientationLandscapeLeft UIInterfaceOrientationLandscapeRight UIInterfaceOrientationPortrait UIInterfaceOrientationPortraitUpsideDown";
				LD_RUNPATH_SEARCH_PATHS = (
					"$(inherited)",
					"@executable_path/Frameworks",
				);
				MARKETING_VERSION = 1.0;
				PRODUCT_BUNDLE_IDENTIFIER = "com.gungorbasa.Akakce-Case-Study";
				PRODUCT_NAME = "$(TARGET_NAME)";
				SUPPORTED_PLATFORMS = "iphoneos iphonesimulator";
				SUPPORTS_MACCATALYST = NO;
				SUPPORTS_MAC_DESIGNED_FOR_IPHONE_IPAD = NO;
				SUPPORTS_XR_DESIGNED_FOR_IPHONE_IPAD = NO;
				SWIFT_EMIT_LOC_STRINGS = YES;
				SWIFT_STRICT_CONCURRENCY = complete;
				SWIFT_VERSION = 5.0;
				TARGETED_DEVICE_FAMILY = 1;
			};
			name = Debug;
		};
		2392A8FC2C5A8ED0000C0632 /* Release */ = {
			isa = XCBuildConfiguration;
			buildSettings = {
				ASSETCATALOG_COMPILER_APPICON_NAME = AppIcon;
				ASSETCATALOG_COMPILER_GLOBAL_ACCENT_COLOR_NAME = AccentColor;
				CODE_SIGN_STYLE = Automatic;
				CURRENT_PROJECT_VERSION = 1;
				DEVELOPMENT_TEAM = 456T4LX972;
				GENERATE_INFOPLIST_FILE = YES;
				INFOPLIST_FILE = "Akakce Case Study/Info.plist";
				INFOPLIST_KEY_UIApplicationSupportsIndirectInputEvents = YES;
				INFOPLIST_KEY_UILaunchStoryboardName = LaunchScreen;
				INFOPLIST_KEY_UISupportedInterfaceOrientations = UIInterfaceOrientationPortrait;
				INFOPLIST_KEY_UISupportedInterfaceOrientations_iPad = "UIInterfaceOrientationLandscapeLeft UIInterfaceOrientationLandscapeRight UIInterfaceOrientationPortrait UIInterfaceOrientationPortraitUpsideDown";
				LD_RUNPATH_SEARCH_PATHS = (
					"$(inherited)",
					"@executable_path/Frameworks",
				);
				MARKETING_VERSION = 1.0;
				PRODUCT_BUNDLE_IDENTIFIER = "com.gungorbasa.Akakce-Case-Study";
				PRODUCT_NAME = "$(TARGET_NAME)";
				SUPPORTED_PLATFORMS = "iphoneos iphonesimulator";
				SUPPORTS_MACCATALYST = NO;
				SUPPORTS_MAC_DESIGNED_FOR_IPHONE_IPAD = NO;
				SUPPORTS_XR_DESIGNED_FOR_IPHONE_IPAD = NO;
				SWIFT_EMIT_LOC_STRINGS = YES;
				SWIFT_STRICT_CONCURRENCY = complete;
				SWIFT_VERSION = 5.0;
				TARGETED_DEVICE_FAMILY = 1;
			};
			name = Release;
		};
		2392A8FE2C5A8ED0000C0632 /* Debug */ = {
			isa = XCBuildConfiguration;
			buildSettings = {
				ALWAYS_EMBED_SWIFT_STANDARD_LIBRARIES = YES;
				BUNDLE_LOADER = "$(TEST_HOST)";
				CODE_SIGN_STYLE = Automatic;
				CURRENT_PROJECT_VERSION = 1;
				GENERATE_INFOPLIST_FILE = YES;
				IPHONEOS_DEPLOYMENT_TARGET = 17.5;
				MARKETING_VERSION = 1.0;
				PRODUCT_BUNDLE_IDENTIFIER = "com.gungorbasa.Akakce-Case-StudyTests";
				PRODUCT_NAME = "$(TARGET_NAME)";
				SWIFT_EMIT_LOC_STRINGS = NO;
				SWIFT_VERSION = 5.0;
				TARGETED_DEVICE_FAMILY = "1,2";
				TEST_HOST = "$(BUILT_PRODUCTS_DIR)/Akakce Case Study.app/$(BUNDLE_EXECUTABLE_FOLDER_PATH)/Akakce Case Study";
			};
			name = Debug;
		};
		2392A8FF2C5A8ED0000C0632 /* Release */ = {
			isa = XCBuildConfiguration;
			buildSettings = {
				ALWAYS_EMBED_SWIFT_STANDARD_LIBRARIES = YES;
				BUNDLE_LOADER = "$(TEST_HOST)";
				CODE_SIGN_STYLE = Automatic;
				CURRENT_PROJECT_VERSION = 1;
				GENERATE_INFOPLIST_FILE = YES;
				IPHONEOS_DEPLOYMENT_TARGET = 17.5;
				MARKETING_VERSION = 1.0;
				PRODUCT_BUNDLE_IDENTIFIER = "com.gungorbasa.Akakce-Case-StudyTests";
				PRODUCT_NAME = "$(TARGET_NAME)";
				SWIFT_EMIT_LOC_STRINGS = NO;
				SWIFT_VERSION = 5.0;
				TARGETED_DEVICE_FAMILY = "1,2";
				TEST_HOST = "$(BUILT_PRODUCTS_DIR)/Akakce Case Study.app/$(BUNDLE_EXECUTABLE_FOLDER_PATH)/Akakce Case Study";
			};
			name = Release;
		};
		2392A9012C5A8ED0000C0632 /* Debug */ = {
			isa = XCBuildConfiguration;
			buildSettings = {
				ALWAYS_EMBED_SWIFT_STANDARD_LIBRARIES = YES;
				CODE_SIGN_STYLE = Automatic;
				CURRENT_PROJECT_VERSION = 1;
				GENERATE_INFOPLIST_FILE = YES;
				MARKETING_VERSION = 1.0;
				PRODUCT_BUNDLE_IDENTIFIER = "com.gungorbasa.Akakce-Case-StudyUITests";
				PRODUCT_NAME = "$(TARGET_NAME)";
				SWIFT_EMIT_LOC_STRINGS = NO;
				SWIFT_VERSION = 5.0;
				TARGETED_DEVICE_FAMILY = "1,2";
				TEST_TARGET_NAME = "Akakce Case Study";
			};
			name = Debug;
		};
		2392A9022C5A8ED0000C0632 /* Release */ = {
			isa = XCBuildConfiguration;
			buildSettings = {
				ALWAYS_EMBED_SWIFT_STANDARD_LIBRARIES = YES;
				CODE_SIGN_STYLE = Automatic;
				CURRENT_PROJECT_VERSION = 1;
				GENERATE_INFOPLIST_FILE = YES;
				MARKETING_VERSION = 1.0;
				PRODUCT_BUNDLE_IDENTIFIER = "com.gungorbasa.Akakce-Case-StudyUITests";
				PRODUCT_NAME = "$(TARGET_NAME)";
				SWIFT_EMIT_LOC_STRINGS = NO;
				SWIFT_VERSION = 5.0;
				TARGETED_DEVICE_FAMILY = "1,2";
				TEST_TARGET_NAME = "Akakce Case Study";
			};
			name = Release;
		};
/* End XCBuildConfiguration section */

/* Begin XCConfigurationList section */
		2392A8CB2C5A8ECF000C0632 /* Build configuration list for PBXProject "Akakce Case Study" */ = {
			isa = XCConfigurationList;
			buildConfigurations = (
				2392A8F82C5A8ED0000C0632 /* Debug */,
				2392A8F92C5A8ED0000C0632 /* Release */,
			);
			defaultConfigurationIsVisible = 0;
			defaultConfigurationName = Release;
		};
		2392A8FA2C5A8ED0000C0632 /* Build configuration list for PBXNativeTarget "Akakce Case Study" */ = {
			isa = XCConfigurationList;
			buildConfigurations = (
				2392A8FB2C5A8ED0000C0632 /* Debug */,
				2392A8FC2C5A8ED0000C0632 /* Release */,
			);
			defaultConfigurationIsVisible = 0;
			defaultConfigurationName = Release;
		};
		2392A8FD2C5A8ED0000C0632 /* Build configuration list for PBXNativeTarget "Akakce Case StudyTests" */ = {
			isa = XCConfigurationList;
			buildConfigurations = (
				2392A8FE2C5A8ED0000C0632 /* Debug */,
				2392A8FF2C5A8ED0000C0632 /* Release */,
			);
			defaultConfigurationIsVisible = 0;
			defaultConfigurationName = Release;
		};
		2392A9002C5A8ED0000C0632 /* Build configuration list for PBXNativeTarget "Akakce Case StudyUITests" */ = {
			isa = XCConfigurationList;
			buildConfigurations = (
				2392A9012C5A8ED0000C0632 /* Debug */,
				2392A9022C5A8ED0000C0632 /* Release */,
			);
			defaultConfigurationIsVisible = 0;
			defaultConfigurationName = Release;
		};
/* End XCConfigurationList section */

/* Begin XCRemoteSwiftPackageReference section */
		2392A9092C5A94C9000C0632 /* XCRemoteSwiftPackageReference "Networking" */ = {
			isa = XCRemoteSwiftPackageReference;
			repositoryURL = "https://github.com/gungorbasa/Networking.git";
			requirement = {
				kind = upToNextMajorVersion;
				minimumVersion = 0.2.6;
			};
		};
		2392A92F2C5B8E83000C0632 /* XCRemoteSwiftPackageReference "Nuke" */ = {
			isa = XCRemoteSwiftPackageReference;
			repositoryURL = "https://github.com/kean/Nuke";
			requirement = {
				kind = upToNextMajorVersion;
				minimumVersion = 12.8.0;
			};
		};
		2392A9562C5BD58D000C0632 /* XCRemoteSwiftPackageReference "Cosmos" */ = {
			isa = XCRemoteSwiftPackageReference;
			repositoryURL = "https://github.com/evgenyneu/Cosmos";
			requirement = {
				kind = upToNextMajorVersion;
				minimumVersion = 25.0.1;
			};
		};
/* End XCRemoteSwiftPackageReference section */

/* Begin XCSwiftPackageProductDependency section */
		2392A90A2C5A94C9000C0632 /* Networking */ = {
			isa = XCSwiftPackageProductDependency;
			package = 2392A9092C5A94C9000C0632 /* XCRemoteSwiftPackageReference "Networking" */;
			productName = Networking;
		};
		2392A9302C5B8E83000C0632 /* Nuke */ = {
			isa = XCSwiftPackageProductDependency;
			package = 2392A92F2C5B8E83000C0632 /* XCRemoteSwiftPackageReference "Nuke" */;
			productName = Nuke;
		};
		2392A9322C5B8E83000C0632 /* NukeExtensions */ = {
			isa = XCSwiftPackageProductDependency;
			package = 2392A92F2C5B8E83000C0632 /* XCRemoteSwiftPackageReference "Nuke" */;
			productName = NukeExtensions;
		};
		2392A9342C5B8E83000C0632 /* NukeUI */ = {
			isa = XCSwiftPackageProductDependency;
			package = 2392A92F2C5B8E83000C0632 /* XCRemoteSwiftPackageReference "Nuke" */;
			productName = NukeUI;
		};
		2392A9572C5BD58D000C0632 /* Cosmos */ = {
			isa = XCSwiftPackageProductDependency;
			package = 2392A9562C5BD58D000C0632 /* XCRemoteSwiftPackageReference "Cosmos" */;
			productName = Cosmos;
		};
/* End XCSwiftPackageProductDependency section */
	};
	rootObject = 2392A8C82C5A8ECF000C0632 /* Project object */;
}
